
Microsoft Visual Studio Solution File, Format Version 12.00
# Visual Studio 14
VisualStudioVersion = 14.0.25420.1
MinimumVisualStudioVersion = 10.0.40219.1
Project("{FAE04EC0-301F-11D3-BF4B-00C04F79EFBC}") = "TestApp", "TestApp\TestApp.csproj", "{1E17776A-819C-48FD-963C-0EFE96CC19E4}"
EndProject
Project("{FAE04EC0-301F-11D3-BF4B-00C04F79EFBC}") = "UnitTests", "UnitTests\UnitTests.csproj", "{0CC6DBB4-633E-4A93-8EBE-7C1A6111BA03}"
EndProject
Global
	GlobalSection(SolutionConfigurationPlatforms) = preSolution
		Debug|Any CPU = Debug|Any CPU
		Release|Any CPU = Release|Any CPU
	EndGlobalSection
	GlobalSection(ProjectConfigurationPlatforms) = postSolution
		{1E17776A-819C-48FD-963C-0EFE96CC19E4}.Debug|Any CPU.ActiveCfg = Debug|Any CPU
		{1E17776A-819C-48FD-963C-0EFE96CC19E4}.Debug|Any CPU.Build.0 = Debug|Any CPU
		{1E17776A-819C-48FD-963C-0EFE96CC19E4}.Release|Any CPU.ActiveCfg = Release|Any CPU
		{1E17776A-819C-48FD-963C-0EFE96CC19E4}.Release|Any CPU.Build.0 = Release|Any CPU
		{0CC6DBB4-633E-4A93-8EBE-7C1A6111BA03}.Debug|Any CPU.ActiveCfg = Debug|Any CPU
		{0CC6DBB4-633E-4A93-8EBE-7C1A6111BA03}.Debug|Any CPU.Build.0 = Debug|Any CPU
		{0CC6DBB4-633E-4A93-8EBE-7C1A6111BA03}.Release|Any CPU.ActiveCfg = Release|Any CPU
		{0CC6DBB4-633E-4A93-8EBE-7C1A6111BA03}.Release|Any CPU.Build.0 = Release|Any CPU
	EndGlobalSection
	GlobalSection(SolutionProperties) = preSolution
		HideSolutionNode = FALSE
	EndGlobalSection
EndGlobal
